<Solution>
  <Project Path="LateralApp.Client/LateralApp.Web.csproj" />
  <Project Path="LateralApp.Server/LateralApp.Server.csproj" />
  <Project Path="Lateral.Domain/Lateral.Domain.csproj" />
  <Project Path="Lateral.Application/Lateral.Application.csproj" />
  <Project Path="Lateral.Infrastructure/Lateral.Infrastructure.csproj" />
  <Project Path="LateralApp.Tests.Components/LateralApp.Tests.csproj" />
</Solution>
